
Microsoft Visual Studio Solution File, Format Version 12.00
# Visual Studio Version 17
VisualStudioVersion = 17.4.33103.184
MinimumVisualStudioVersion = 10.0.40219.1
Project("{FAE04EC0-301F-11D3-BF4B-00C04F79EFBC}") = "DIPActPart1", "DIPActPart1\DIPActPart1.csproj", "{6AFC9C74-6054-46FF-8714-7CCFD6600371}"
EndProject
Global
	GlobalSection(SolutionConfigurationPlatforms) = preSolution
		Debug|Any CPU = Debug|Any CPU
		Release|Any CPU = Release|Any CPU
	EndGlobalSection
	GlobalSection(ProjectConfigurationPlatforms) = postSolution
		{6AFC9C74-6054-46FF-8714-7CCFD6600371}.Debug|Any CPU.ActiveCfg = Debug|Any CPU
		{6AFC9C74-6054-46FF-8714-7CCFD6600371}.Debug|Any CPU.Build.0 = Debug|Any CPU
		{6AFC9C74-6054-46FF-8714-7CCFD6600371}.Release|Any CPU.ActiveCfg = Release|Any CPU
		{6AFC9C74-6054-46FF-8714-7CCFD6600371}.Release|Any CPU.Build.0 = Release|Any CPU
	EndGlobalSection
	GlobalSection(SolutionProperties) = preSolution
		HideSolutionNode = FALSE
	EndGlobalSection
	GlobalSection(ExtensibilityGlobals) = postSolution
		SolutionGuid = {7BC2C099-7894-43ED-B4DB-D2DB10F5D32B}
	EndGlobalSection
EndGlobal
